// !$*UTF8*$!
{
	archiveVersion = 1;
	classes = {
	};
	objectVersion = 56;
	objects = {

/* Begin PBXBuildFile section */
		FF09BF8D2975312E003FC3A7 /* Easycom_Japan_PHApp.swift in Sources */ = {isa = PBXBuildFile; fileRef = FF09BF8C2975312E003FC3A7 /* Easycom_Japan_PHApp.swift */; };
		FF09BF8F2975312E003FC3A7 /* ContentView.swift in Sources */ = {isa = PBXBuildFile; fileRef = FF09BF8E2975312E003FC3A7 /* ContentView.swift */; };
		FF09BF9129753131003FC3A7 /* Assets.xcassets in Resources */ = {isa = PBXBuildFile; fileRef = FF09BF9029753131003FC3A7 /* Assets.xcassets */; };
		FF09BF9429753131003FC3A7 /* Preview Assets.xcassets in Resources */ = {isa = PBXBuildFile; fileRef = FF09BF9329753131003FC3A7 /* Preview Assets.xcassets */; };
		FF09BF9E29753131003FC3A7 /* Easycom_Japan_PHTests.swift in Sources */ = {isa = PBXBuildFile; fileRef = FF09BF9D29753131003FC3A7 /* Easycom_Japan_PHTests.swift */; };
		FF09BFA829753131003FC3A7 /* Easycom_Japan_PHUITests.swift in Sources */ = {isa = PBXBuildFile; fileRef = FF09BFA729753131003FC3A7 /* Easycom_Japan_PHUITests.swift */; };
		FF09BFAA29753131003FC3A7 /* Easycom_Japan_PHUITestsLaunchTests.swift in Sources */ = {isa = PBXBuildFile; fileRef = FF09BFA929753131003FC3A7 /* Easycom_Japan_PHUITestsLaunchTests.swift */; };
		FF09BFBB29753304003FC3A7 /* HomeScreen.swift in Sources */ = {isa = PBXBuildFile; fileRef = FF09BFBA29753304003FC3A7 /* HomeScreen.swift */; };
		FF09BFBD29753440003FC3A7 /* HomeViewModel.swift in Sources */ = {isa = PBXBuildFile; fileRef = FF09BFBC29753440003FC3A7 /* HomeViewModel.swift */; };
		FF09BFBF29753508003FC3A7 /* Response.swift in Sources */ = {isa = PBXBuildFile; fileRef = FF09BFBE29753508003FC3A7 /* Response.swift */; };
		FF09BFC12975356B003FC3A7 /* Entry.swift in Sources */ = {isa = PBXBuildFile; fileRef = FF09BFC02975356B003FC3A7 /* Entry.swift */; };
		FF09BFC329753650003FC3A7 /* Constants.swift in Sources */ = {isa = PBXBuildFile; fileRef = FF09BFC229753650003FC3A7 /* Constants.swift */; };
		FF09BFC52975649E003FC3A7 /* Extensions.swift in Sources */ = {isa = PBXBuildFile; fileRef = FF09BFC42975649E003FC3A7 /* Extensions.swift */; };
		FF09BFC72975790A003FC3A7 /* DetailsScreen.swift in Sources */ = {isa = PBXBuildFile; fileRef = FF09BFC62975790A003FC3A7 /* DetailsScreen.swift */; };
/* End PBXBuildFile section */

/* Begin PBXContainerItemProxy section */
		FF09BF9A29753131003FC3A7 /* PBXContainerItemProxy */ = {
			isa = PBXContainerItemProxy;
			containerPortal = FF09BF812975312E003FC3A7 /* Project object */;
			proxyType = 1;
			remoteGlobalIDString = FF09BF882975312E003FC3A7;
			remoteInfo = "Easycom Japan PH";
		};
		FF09BFA429753131003FC3A7 /* PBXContainerItemProxy */ = {
			isa = PBXContainerItemProxy;
			containerPortal = FF09BF812975312E003FC3A7 /* Project object */;
			proxyType = 1;
			remoteGlobalIDString = FF09BF882975312E003FC3A7;
			remoteInfo = "Easycom Japan PH";
		};
/* End PBXContainerItemProxy section */

/* Begin PBXFileReference section */
		FF09BF892975312E003FC3A7 /* Easycom Japan PH.app */ = {isa = PBXFileReference; explicitFileType = wrapper.application; includeInIndex = 0; path = "Easycom Japan PH.app"; sourceTree = BUILT_PRODUCTS_DIR; };
		FF09BF8C2975312E003FC3A7 /* Easycom_Japan_PHApp.swift */ = {isa = PBXFileReference; lastKnownFileType = sourcecode.swift; path = Easycom_Japan_PHApp.swift; sourceTree = "<group>"; };
		FF09BF8E2975312E003FC3A7 /* ContentView.swift */ = {isa = PBXFileReference; lastKnownFileType = sourcecode.swift; path = ContentView.swift; sourceTree = "<group>"; };
		FF09BF9029753131003FC3A7 /* Assets.xcassets */ = {isa = PBXFileReference; lastKnownFileType = folder.assetcatalog; path = Assets.xcassets; sourceTree = "<group>"; };
		FF09BF9329753131003FC3A7 /* Preview Assets.xcassets */ = {isa = PBXFileReference; lastKnownFileType = folder.assetcatalog; path = "Preview Assets.xcassets"; sourceTree = "<group>"; };
		FF09BF9929753131003FC3A7 /* Easycom Japan PHTests.xctest */ = {isa = PBXFileReference; explicitFileType = wrapper.cfbundle; includeInIndex = 0; path = "Easycom Japan PHTests.xctest"; sourceTree = BUILT_PRODUCTS_DIR; };
		FF09BF9D29753131003FC3A7 /* Easycom_Japan_PHTests.swift */ = {isa = PBXFileReference; lastKnownFileType = sourcecode.swift; path = Easycom_Japan_PHTests.swift; sourceTree = "<group>"; };
		FF09BFA329753131003FC3A7 /* Easycom Japan PHUITests.xctest */ = {isa = PBXFileReference; explicitFileType = wrapper.cfbundle; includeInIndex = 0; path = "Easycom Japan PHUITests.xctest"; sourceTree = BUILT_PRODUCTS_DIR; };
		FF09BFA729753131003FC3A7 /* Easycom_Japan_PHUITests.swift */ = {isa = PBXFileReference; lastKnownFileType = sourcecode.swift; path = Easycom_Japan_PHUITests.swift; sourceTree = "<group>"; };
		FF09BFA929753131003FC3A7 /* Easycom_Japan_PHUITestsLaunchTests.swift */ = {isa = PBXFileReference; lastKnownFileType = sourcecode.swift; path = Easycom_Japan_PHUITestsLaunchTests.swift; sourceTree = "<group>"; };
		FF09BFBA29753304003FC3A7 /* HomeScreen.swift */ = {isa = PBXFileReference; lastKnownFileType = sourcecode.swift; path = HomeScreen.swift; sourceTree = "<group>"; };
		FF09BFBC29753440003FC3A7 /* HomeViewModel.swift */ = {isa = PBXFileReference; lastKnownFileType = sourcecode.swift; path = HomeViewModel.swift; sourceTree = "<group>"; };
		FF09BFBE29753508003FC3A7 /* Response.swift */ = {isa = PBXFileReference; lastKnownFileType = sourcecode.swift; path = Response.swift; sourceTree = "<group>"; };
		FF09BFC02975356B003FC3A7 /* Entry.swift */ = {isa = PBXFileReference; lastKnownFileType = sourcecode.swift; path = Entry.swift; sourceTree = "<group>"; };
		FF09BFC229753650003FC3A7 /* Constants.swift */ = {isa = PBXFileReference; lastKnownFileType = sourcecode.swift; path = Constants.swift; sourceTree = "<group>"; };
		FF09BFC42975649E003FC3A7 /* Extensions.swift */ = {isa = PBXFileReference; lastKnownFileType = sourcecode.swift; path = Extensions.swift; sourceTree = "<group>"; };
		FF09BFC62975790A003FC3A7 /* DetailsScreen.swift */ = {isa = PBXFileReference; lastKnownFileType = sourcecode.swift; path = DetailsScreen.swift; sourceTree = "<group>"; };
/* End PBXFileReference section */

/* Begin PBXFrameworksBuildPhase section */
		FF09BF862975312E003FC3A7 /* Frameworks */ = {
			isa = PBXFrameworksBuildPhase;
			buildActionMask = 2147483647;
			files = (
			);
			runOnlyForDeploymentPostprocessing = 0;
		};
		FF09BF9629753131003FC3A7 /* Frameworks */ = {
			isa = PBXFrameworksBuildPhase;
			buildActionMask = 2147483647;
			files = (
			);
			runOnlyForDeploymentPostprocessing = 0;
		};
		FF09BFA029753131003FC3A7 /* Frameworks */ = {
			isa = PBXFrameworksBuildPhase;
			buildActionMask = 2147483647;
			files = (
			);
			runOnlyForDeploymentPostprocessing = 0;
		};
/* End PBXFrameworksBuildPhase section */

/* Begin PBXGroup section */
		FF09BF802975312E003FC3A7 = {
			isa = PBXGroup;
			children = (
				FF09BF8B2975312E003FC3A7 /* Easycom Japan PH */,
				FF09BF9C29753131003FC3A7 /* Easycom Japan PHTests */,
				FF09BFA629753131003FC3A7 /* Easycom Japan PHUITests */,
				FF09BF8A2975312E003FC3A7 /* Products */,
			);
			sourceTree = "<group>";
		};
		FF09BF8A2975312E003FC3A7 /* Products */ = {
			isa = PBXGroup;
			children = (
				FF09BF892975312E003FC3A7 /* Easycom Japan PH.app */,
				FF09BF9929753131003FC3A7 /* Easycom Japan PHTests.xctest */,
				FF09BFA329753131003FC3A7 /* Easycom Japan PHUITests.xctest */,
			);
			name = Products;
			sourceTree = "<group>";
		};
		FF09BF8B2975312E003FC3A7 /* Easycom Japan PH */ = {
			isa = PBXGroup;
			children = (
				FF09BFB9297531F7003FC3A7 /* Common */,
				FF09BFB8297531E5003FC3A7 /* ViewModels */,
				FF09BFB7297531D9003FC3A7 /* Models */,
				FF09BFB6297531C1003FC3A7 /* Views */,
				FF09BF8C2975312E003FC3A7 /* Easycom_Japan_PHApp.swift */,
				FF09BF9029753131003FC3A7 /* Assets.xcassets */,
				FF09BF9229753131003FC3A7 /* Preview Content */,
			);
			path = "Easycom Japan PH";
			sourceTree = "<group>";
		};
		FF09BF9229753131003FC3A7 /* Preview Content */ = {
			isa = PBXGroup;
			children = (
				FF09BF9329753131003FC3A7 /* Preview Assets.xcassets */,
			);
			path = "Preview Content";
			sourceTree = "<group>";
		};
		FF09BF9C29753131003FC3A7 /* Easycom Japan PHTests */ = {
			isa = PBXGroup;
			children = (
				FF09BF9D29753131003FC3A7 /* Easycom_Japan_PHTests.swift */,
			);
			path = "Easycom Japan PHTests";
			sourceTree = "<group>";
		};
		FF09BFA629753131003FC3A7 /* Easycom Japan PHUITests */ = {
			isa = PBXGroup;
			children = (
				FF09BFA729753131003FC3A7 /* Easycom_Japan_PHUITests.swift */,
				FF09BFA929753131003FC3A7 /* Easycom_Japan_PHUITestsLaunchTests.swift */,
			);
			path = "Easycom Japan PHUITests";
			sourceTree = "<group>";
		};
		FF09BFB6297531C1003FC3A7 /* Views */ = {
			isa = PBXGroup;
			children = (
				FF09BF8E2975312E003FC3A7 /* ContentView.swift */,
				FF09BFBA29753304003FC3A7 /* HomeScreen.swift */,
				FF09BFC62975790A003FC3A7 /* DetailsScreen.swift */,
			);
			path = Views;
			sourceTree = "<group>";
		};
		FF09BFB7297531D9003FC3A7 /* Models */ = {
			isa = PBXGroup;
			children = (
				FF09BFBE29753508003FC3A7 /* Response.swift */,
				FF09BFC02975356B003FC3A7 /* Entry.swift */,
			);
			path = Models;
			sourceTree = "<group>";
		};
		FF09BFB8297531E5003FC3A7 /* ViewModels */ = {
			isa = PBXGroup;
			children = (
				FF09BFBC29753440003FC3A7 /* HomeViewModel.swift */,
			);
			path = ViewModels;
			sourceTree = "<group>";
		};
		FF09BFB9297531F7003FC3A7 /* Common */ = {
			isa = PBXGroup;
			children = (
				FF09BFC229753650003FC3A7 /* Constants.swift */,
				FF09BFC42975649E003FC3A7 /* Extensions.swift */,
			);
			path = Common;
			sourceTree = "<group>";
		};
/* End PBXGroup section */

/* Begin PBXNativeTarget section */
		FF09BF882975312E003FC3A7 /* Easycom Japan PH */ = {
			isa = PBXNativeTarget;
			buildConfigurationList = FF09BFAD29753131003FC3A7 /* Build configuration list for PBXNativeTarget "Easycom Japan PH" */;
			buildPhases = (
				FF09BF852975312E003FC3A7 /* Sources */,
				FF09BF862975312E003FC3A7 /* Frameworks */,
				FF09BF872975312E003FC3A7 /* Resources */,
			);
			buildRules = (
			);
			dependencies = (
			);
			name = "Easycom Japan PH";
			productName = "Easycom Japan PH";
			productReference = FF09BF892975312E003FC3A7 /* Easycom Japan PH.app */;
			productType = "com.apple.product-type.application";
		};
		FF09BF9829753131003FC3A7 /* Easycom Japan PHTests */ = {
			isa = PBXNativeTarget;
			buildConfigurationList = FF09BFB029753131003FC3A7 /* Build configuration list for PBXNativeTarget "Easycom Japan PHTests" */;
			buildPhases = (
				FF09BF9529753131003FC3A7 /* Sources */,
				FF09BF9629753131003FC3A7 /* Frameworks */,
				FF09BF9729753131003FC3A7 /* Resources */,
			);
			buildRules = (
			);
			dependencies = (
				FF09BF9B29753131003FC3A7 /* PBXTargetDependency */,
			);
			name = "Easycom Japan PHTests";
			productName = "Easycom Japan PHTests";
			productReference = FF09BF9929753131003FC3A7 /* Easycom Japan PHTests.xctest */;
			productType = "com.apple.product-type.bundle.unit-test";
		};
		FF09BFA229753131003FC3A7 /* Easycom Japan PHUITests */ = {
			isa = PBXNativeTarget;
			buildConfigurationList = FF09BFB329753131003FC3A7 /* Build configuration list for PBXNativeTarget "Easycom Japan PHUITests" */;
			buildPhases = (
				FF09BF9F29753131003FC3A7 /* Sources */,
				FF09BFA029753131003FC3A7 /* Frameworks */,
				FF09BFA129753131003FC3A7 /* Resources */,
			);
			buildRules = (
			);
			dependencies = (
				FF09BFA529753131003FC3A7 /* PBXTargetDependency */,
			);
			name = "Easycom Japan PHUITests";
			productName = "Easycom Japan PHUITests";
			productReference = FF09BFA329753131003FC3A7 /* Easycom Japan PHUITests.xctest */;
			productType = "com.apple.product-type.bundle.ui-testing";
		};
/* End PBXNativeTarget section */

/* Begin PBXProject section */
		FF09BF812975312E003FC3A7 /* Project object */ = {
			isa = PBXProject;
			attributes = {
				BuildIndependentTargetsInParallel = 1;
				LastSwiftUpdateCheck = 1420;
				LastUpgradeCheck = 1420;
				TargetAttributes = {
					FF09BF882975312E003FC3A7 = {
						CreatedOnToolsVersion = 14.2;
					};
					FF09BF9829753131003FC3A7 = {
						CreatedOnToolsVersion = 14.2;
						TestTargetID = FF09BF882975312E003FC3A7;
					};
					FF09BFA229753131003FC3A7 = {
						CreatedOnToolsVersion = 14.2;
						TestTargetID = FF09BF882975312E003FC3A7;
					};
				};
			};
			buildConfigurationList = FF09BF842975312E003FC3A7 /* Build configuration list for PBXProject "Easycom Japan PH" */;
			compatibilityVersion = "Xcode 14.0";
			developmentRegion = en;
			hasScannedForEncodings = 0;
			knownRegions = (
				en,
				Base,
			);
			mainGroup = FF09BF802975312E003FC3A7;
			productRefGroup = FF09BF8A2975312E003FC3A7 /* Products */;
			projectDirPath = "";
			projectRoot = "";
			targets = (
				FF09BF882975312E003FC3A7 /* Easycom Japan PH */,
				FF09BF9829753131003FC3A7 /* Easycom Japan PHTests */,
				FF09BFA229753131003FC3A7 /* Easycom Japan PHUITests */,
			);
		};
/* End PBXProject section */

/* Begin PBXResourcesBuildPhase section */
		FF09BF872975312E003FC3A7 /* Resources */ = {
			isa = PBXResourcesBuildPhase;
			buildActionMask = 2147483647;
			files = (
				FF09BF9429753131003FC3A7 /* Preview Assets.xcassets in Resources */,
				FF09BF9129753131003FC3A7 /* Assets.xcassets in Resources */,
			);
			runOnlyForDeploymentPostprocessing = 0;
		};
		FF09BF9729753131003FC3A7 /* Resources */ = {
			isa = PBXResourcesBuildPhase;
			buildActionMask = 2147483647;
			files = (
			);
			runOnlyForDeploymentPostprocessing = 0;
		};
		FF09BFA129753131003FC3A7 /* Resources */ = {
			isa = PBXResourcesBuildPhase;
			buildActionMask = 2147483647;
			files = (
			);
			runOnlyForDeploymentPostprocessing = 0;
		};
/* End PBXResourcesBuildPhase section */

/* Begin PBXSourcesBuildPhase section */
		FF09BF852975312E003FC3A7 /* Sources */ = {
			isa = PBXSourcesBuildPhase;
			buildActionMask = 2147483647;
			files = (
				FF09BFC12975356B003FC3A7 /* Entry.swift in Sources */,
				FF09BF8F2975312E003FC3A7 /* ContentView.swift in Sources */,
				FF09BF8D2975312E003FC3A7 /* Easycom_Japan_PHApp.swift in Sources */,
				FF09BFC52975649E003FC3A7 /* Extensions.swift in Sources */,
				FF09BFBB29753304003FC3A7 /* HomeScreen.swift in Sources */,
				FF09BFC329753650003FC3A7 /* Constants.swift in Sources */,
				FF09BFBD29753440003FC3A7 /* HomeViewModel.swift in Sources */,
				FF09BFBF29753508003FC3A7 /* Response.swift in Sources */,
				FF09BFC72975790A003FC3A7 /* DetailsScreen.swift in Sources */,
			);
			runOnlyForDeploymentPostprocessing = 0;
		};
		FF09BF9529753131003FC3A7 /* Sources */ = {
			isa = PBXSourcesBuildPhase;
			buildActionMask = 2147483647;
			files = (
				FF09BF9E29753131003FC3A7 /* Easycom_Japan_PHTests.swift in Sources */,
			);
			runOnlyForDeploymentPostprocessing = 0;
		};
		FF09BF9F29753131003FC3A7 /* Sources */ = {
			isa = PBXSourcesBuildPhase;
			buildActionMask = 2147483647;
			files = (
				FF09BFA829753131003FC3A7 /* Easycom_Japan_PHUITests.swift in Sources */,
				FF09BFAA29753131003FC3A7 /* Easycom_Japan_PHUITestsLaunchTests.swift in Sources */,
			);
			runOnlyForDeploymentPostprocessing = 0;
		};
/* End PBXSourcesBuildPhase section */

/* Begin PBXTargetDependency section */
		FF09BF9B29753131003FC3A7 /* PBXTargetDependency */ = {
			isa = PBXTargetDependency;
			target = FF09BF882975312E003FC3A7 /* Easycom Japan PH */;
			targetProxy = FF09BF9A29753131003FC3A7 /* PBXContainerItemProxy */;
		};
		FF09BFA529753131003FC3A7 /* PBXTargetDependency */ = {
			isa = PBXTargetDependency;
			target = FF09BF882975312E003FC3A7 /* Easycom Japan PH */;
			targetProxy = FF09BFA429753131003FC3A7 /* PBXContainerItemProxy */;
		};
/* End PBXTargetDependency section */

/* Begin XCBuildConfiguration section */
		FF09BFAB29753131003FC3A7 /* Debug */ = {
			isa = XCBuildConfiguration;
			buildSettings = {
				ALWAYS_SEARCH_USER_PATHS = NO;
				CLANG_ANALYZER_NONNULL = YES;
				CLANG_ANALYZER_NUMBER_OBJECT_CONVERSION = YES_AGGRESSIVE;
				CLANG_CXX_LANGUAGE_STANDARD = "gnu++20";
				CLANG_ENABLE_MODULES = YES;
				CLANG_ENABLE_OBJC_ARC = YES;
				CLANG_ENABLE_OBJC_WEAK = YES;
				CLANG_WARN_BLOCK_CAPTURE_AUTORELEASING = YES;
				CLANG_WARN_BOOL_CONVERSION = YES;
				CLANG_WARN_COMMA = YES;
				CLANG_WARN_CONSTANT_CONVERSION = YES;
				CLANG_WARN_DEPRECATED_OBJC_IMPLEMENTATIONS = YES;
				CLANG_WARN_DIRECT_OBJC_ISA_USAGE = YES_ERROR;
				CLANG_WARN_DOCUMENTATION_COMMENTS = YES;
				CLANG_WARN_EMPTY_BODY = YES;
				CLANG_WARN_ENUM_CONVERSION = YES;
				CLANG_WARN_INFINITE_RECURSION = YES;
				CLANG_WARN_INT_CONVERSION = YES;
				CLANG_WARN_NON_LITERAL_NULL_CONVERSION = YES;
				CLANG_WARN_OBJC_IMPLICIT_RETAIN_SELF = YES;
				CLANG_WARN_OBJC_LITERAL_CONVERSION = YES;
				CLANG_WARN_OBJC_ROOT_CLASS = YES_ERROR;
				CLANG_WARN_QUOTED_INCLUDE_IN_FRAMEWORK_HEADER = YES;
				CLANG_WARN_RANGE_LOOP_ANALYSIS = YES;
				CLANG_WARN_STRICT_PROTOTYPES = YES;
				CLANG_WARN_SUSPICIOUS_MOVE = YES;
				CLANG_WARN_UNGUARDED_AVAILABILITY = YES_AGGRESSIVE;
				CLANG_WARN_UNREACHABLE_CODE = YES;
				CLANG_WARN__DUPLICATE_METHOD_MATCH = YES;
				COPY_PHASE_STRIP = NO;
				DEBUG_INFORMATION_FORMAT = dwarf;
				ENABLE_STRICT_OBJC_MSGSEND = YES;
				ENABLE_TESTABILITY = YES;
				GCC_C_LANGUAGE_STANDARD = gnu11;
				GCC_DYNAMIC_NO_PIC = NO;
				GCC_NO_COMMON_BLOCKS = YES;
				GCC_OPTIMIZATION_LEVEL = 0;
				GCC_PREPROCESSOR_DEFINITIONS = (
					"DEBUG=1",
					"$(inherited)",
				);
				GCC_WARN_64_TO_32_BIT_CONVERSION = YES;
				GCC_WARN_ABOUT_RETURN_TYPE = YES_ERROR;
				GCC_WARN_UNDECLARED_SELECTOR = YES;
				GCC_WARN_UNINITIALIZED_AUTOS = YES_AGGRESSIVE;
				GCC_WARN_UNUSED_FUNCTION = YES;
				GCC_WARN_UNUSED_VARIABLE = YES;
				IPHONEOS_DEPLOYMENT_TARGET = 16.2;
				MTL_ENABLE_DEBUG_INFO = INCLUDE_SOURCE;
				MTL_FAST_MATH = YES;
				ONLY_ACTIVE_ARCH = YES;
				SDKROOT = iphoneos;
				SWIFT_ACTIVE_COMPILATION_CONDITIONS = DEBUG;
				SWIFT_OPTIMIZATION_LEVEL = "-Onone";
			};
			name = Debug;
		};
		FF09BFAC29753131003FC3A7 /* Release */ = {
			isa = XCBuildConfiguration;
			buildSettings = {
				ALWAYS_SEARCH_USER_PATHS = NO;
				CLANG_ANALYZER_NONNULL = YES;
				CLANG_ANALYZER_NUMBER_OBJECT_CONVERSION = YES_AGGRESSIVE;
				CLANG_CXX_LANGUAGE_STANDARD = "gnu++20";
				CLANG_ENABLE_MODULES = YES;
				CLANG_ENABLE_OBJC_ARC = YES;
				CLANG_ENABLE_OBJC_WEAK = YES;
				CLANG_WARN_BLOCK_CAPTURE_AUTORELEASING = YES;
				CLANG_WARN_BOOL_CONVERSION = YES;
				CLANG_WARN_COMMA = YES;
				CLANG_WARN_CONSTANT_CONVERSION = YES;
				CLANG_WARN_DEPRECATED_OBJC_IMPLEMENTATIONS = YES;
				CLANG_WARN_DIRECT_OBJC_ISA_USAGE = YES_ERROR;
				CLANG_WARN_DOCUMENTATION_COMMENTS = YES;
				CLANG_WARN_EMPTY_BODY = YES;
				CLANG_WARN_ENUM_CONVERSION = YES;
				CLANG_WARN_INFINITE_RECURSION = YES;
				CLANG_WARN_INT_CONVERSION = YES;
				CLANG_WARN_NON_LITERAL_NULL_CONVERSION = YES;
				CLANG_WARN_OBJC_IMPLICIT_RETAIN_SELF = YES;
				CLANG_WARN_OBJC_LITERAL_CONVERSION = YES;
				CLANG_WARN_OBJC_ROOT_CLASS = YES_ERROR;
				CLANG_WARN_QUOTED_INCLUDE_IN_FRAMEWORK_HEADER = YES;
				CLANG_WARN_RANGE_LOOP_ANALYSIS = YES;
				CLANG_WARN_STRICT_PROTOTYPES = YES;
				CLANG_WARN_SUSPICIOUS_MOVE = YES;
				CLANG_WARN_UNGUARDED_AVAILABILITY = YES_AGGRESSIVE;
				CLANG_WARN_UNREACHABLE_CODE = YES;
				CLANG_WARN__DUPLICATE_METHOD_MATCH = YES;
				COPY_PHASE_STRIP = NO;
				DEBUG_INFORMATION_FORMAT = "dwarf-with-dsym";
				ENABLE_NS_ASSERTIONS = NO;
				ENABLE_STRICT_OBJC_MSGSEND = YES;
				GCC_C_LANGUAGE_STANDARD = gnu11;
				GCC_NO_COMMON_BLOCKS = YES;
				GCC_WARN_64_TO_32_BIT_CONVERSION = YES;
				GCC_WARN_ABOUT_RETURN_TYPE = YES_ERROR;
				GCC_WARN_UNDECLARED_SELECTOR = YES;
				GCC_WARN_UNINITIALIZED_AUTOS = YES_AGGRESSIVE;
				GCC_WARN_UNUSED_FUNCTION = YES;
				GCC_WARN_UNUSED_VARIABLE = YES;
				IPHONEOS_DEPLOYMENT_TARGET = 16.2;
				MTL_ENABLE_DEBUG_INFO = NO;
				MTL_FAST_MATH = YES;
				SDKROOT = iphoneos;
				SWIFT_COMPILATION_MODE = wholemodule;
				SWIFT_OPTIMIZATION_LEVEL = "-O";
				VALIDATE_PRODUCT = YES;
			};
			name = Release;
		};
		FF09BFAE29753131003FC3A7 /* Debug */ = {
			isa = XCBuildConfiguration;
			buildSettings = {
				ASSETCATALOG_COMPILER_APPICON_NAME = AppIcon;
				ASSETCATALOG_COMPILER_GLOBAL_ACCENT_COLOR_NAME = AccentColor;
				CODE_SIGN_STYLE = Automatic;
				CURRENT_PROJECT_VERSION = 1;
				DEVELOPMENT_ASSET_PATHS = "\"Easycom Japan PH/Preview Content\"";
				DEVELOPMENT_TEAM = 3GCFJ6RJM9;
				ENABLE_PREVIEWS = YES;
				GENERATE_INFOPLIST_FILE = YES;
				INFOPLIST_KEY_UIApplicationSceneManifest_Generation = YES;
				INFOPLIST_KEY_UIApplicationSupportsIndirectInputEvents = YES;
				INFOPLIST_KEY_UILaunchScreen_Generation = YES;
				INFOPLIST_KEY_UISupportedInterfaceOrientations_iPad = "UIInterfaceOrientationPortrait UIInterfaceOrientationPortraitUpsideDown UIInterfaceOrientationLandscapeLeft UIInterfaceOrientationLandscapeRight";
				INFOPLIST_KEY_UISupportedInterfaceOrientations_iPhone = "UIInterfaceOrientationPortrait UIInterfaceOrientationLandscapeLeft UIInterfaceOrientationLandscapeRight";
				IPHONEOS_DEPLOYMENT_TARGET = 16.2;
				LD_RUNPATH_SEARCH_PATHS = (
					"$(inherited)",
					"@executable_path/Frameworks",
				);
				MARKETING_VERSION = 1.0;
				PRODUCT_BUNDLE_IDENTIFIER = "com.mzafra.Easycom-Japan-PH";
				PRODUCT_NAME = "$(TARGET_NAME)";
				SWIFT_EMIT_LOC_STRINGS = YES;
				SWIFT_VERSION = 5.0;
				TARGETED_DEVICE_FAMILY = "1,2";
			};
			name = Debug;
		};
		FF09BFAF29753131003FC3A7 /* Release */ = {
			isa = XCBuildConfiguration;
			buildSettings = {
				ASSETCATALOG_COMPILER_APPICON_NAME = AppIcon;
				ASSETCATALOG_COMPILER_GLOBAL_ACCENT_COLOR_NAME = AccentColor;
				CODE_SIGN_STYLE = Automatic;
				CURRENT_PROJECT_VERSION = 1;
				DEVELOPMENT_ASSET_PATHS = "\"Easycom Japan PH/Preview Content\"";
				DEVELOPMENT_TEAM = 3GCFJ6RJM9;
				ENABLE_PREVIEWS = YES;
				GENERATE_INFOPLIST_FILE = YES;
				INFOPLIST_KEY_UIApplicationSceneManifest_Generation = YES;
				INFOPLIST_KEY_UIApplicationSupportsIndirectInputEvents = YES;
				INFOPLIST_KEY_UILaunchScreen_Generation = YES;
				INFOPLIST_KEY_UISupportedInterfaceOrientations_iPad = "UIInterfaceOrientationPortrait UIInterfaceOrientationPortraitUpsideDown UIInterfaceOrientationLandscapeLeft UIInterfaceOrientationLandscapeRight";
				INFOPLIST_KEY_UISupportedInterfaceOrientations_iPhone = "UIInterfaceOrientationPortrait UIInterfaceOrientationLandscapeLeft UIInterfaceOrientationLandscapeRight";
				IPHONEOS_DEPLOYMENT_TARGET = 16.2;
				LD_RUNPATH_SEARCH_PATHS = (
					"$(inherited)",
					"@executable_path/Frameworks",
				);
				MARKETING_VERSION = 1.0;
				PRODUCT_BUNDLE_IDENTIFIER = "com.mzafra.Easycom-Japan-PH";
				PRODUCT_NAME = "$(TARGET_NAME)";
				SWIFT_EMIT_LOC_STRINGS = YES;
				SWIFT_VERSION = 5.0;
				TARGETED_DEVICE_FAMILY = "1,2";
			};
			name = Release;
		};
		FF09BFB129753131003FC3A7 /* Debug */ = {
			isa = XCBuildConfiguration;
			buildSettings = {
				ALWAYS_EMBED_SWIFT_STANDARD_LIBRARIES = YES;
				BUNDLE_LOADER = "$(TEST_HOST)";
				CODE_SIGN_STYLE = Automatic;
				CURRENT_PROJECT_VERSION = 1;
				DEVELOPMENT_TEAM = 3GCFJ6RJM9;
				GENERATE_INFOPLIST_FILE = YES;
				IPHONEOS_DEPLOYMENT_TARGET = 16.2;
				MARKETING_VERSION = 1.0;
				PRODUCT_BUNDLE_IDENTIFIER = "com.mzafra.Easycom-Japan-PHTests";
				PRODUCT_NAME = "$(TARGET_NAME)";
				SWIFT_EMIT_LOC_STRINGS = NO;
				SWIFT_VERSION = 5.0;
				TARGETED_DEVICE_FAMILY = "1,2";
				TEST_HOST = "$(BUILT_PRODUCTS_DIR)/Easycom Japan PH.app/$(BUNDLE_EXECUTABLE_FOLDER_PATH)/Easycom Japan PH";
			};
			name = Debug;
		};
		FF09BFB229753131003FC3A7 /* Release */ = {
			isa = XCBuildConfiguration;
			buildSettings = {
				ALWAYS_EMBED_SWIFT_STANDARD_LIBRARIES = YES;
				BUNDLE_LOADER = "$(TEST_HOST)";
				CODE_SIGN_STYLE = Automatic;
				CURRENT_PROJECT_VERSION = 1;
				DEVELOPMENT_TEAM = 3GCFJ6RJM9;
				GENERATE_INFOPLIST_FILE = YES;
				IPHONEOS_DEPLOYMENT_TARGET = 16.2;
				MARKETING_VERSION = 1.0;
				PRODUCT_BUNDLE_IDENTIFIER = "com.mzafra.Easycom-Japan-PHTests";
				PRODUCT_NAME = "$(TARGET_NAME)";
				SWIFT_EMIT_LOC_STRINGS = NO;
				SWIFT_VERSION = 5.0;
				TARGETED_DEVICE_FAMILY = "1,2";
				TEST_HOST = "$(BUILT_PRODUCTS_DIR)/Easycom Japan PH.app/$(BUNDLE_EXECUTABLE_FOLDER_PATH)/Easycom Japan PH";
			};
			name = Release;
		};
		FF09BFB429753131003FC3A7 /* Debug */ = {
			isa = XCBuildConfiguration;
			buildSettings = {
				ALWAYS_EMBED_SWIFT_STANDARD_LIBRARIES = YES;
				CODE_SIGN_STYLE = Automatic;
				CURRENT_PROJECT_VERSION = 1;
				DEVELOPMENT_TEAM = 3GCFJ6RJM9;
				GENERATE_INFOPLIST_FILE = YES;
				MARKETING_VERSION = 1.0;
				PRODUCT_BUNDLE_IDENTIFIER = "com.mzafra.Easycom-Japan-PHUITests";
				PRODUCT_NAME = "$(TARGET_NAME)";
				SWIFT_EMIT_LOC_STRINGS = NO;
				SWIFT_VERSION = 5.0;
				TARGETED_DEVICE_FAMILY = "1,2";
				TEST_TARGET_NAME = "Easycom Japan PH";
			};
			name = Debug;
		};
		FF09BFB529753131003FC3A7 /* Release */ = {
			isa = XCBuildConfiguration;
			buildSettings = {
				ALWAYS_EMBED_SWIFT_STANDARD_LIBRARIES = YES;
				CODE_SIGN_STYLE = Automatic;
				CURRENT_PROJECT_VERSION = 1;
				DEVELOPMENT_TEAM = 3GCFJ6RJM9;
				GENERATE_INFOPLIST_FILE = YES;
				MARKETING_VERSION = 1.0;
				PRODUCT_BUNDLE_IDENTIFIER = "com.mzafra.Easycom-Japan-PHUITests";
				PRODUCT_NAME = "$(TARGET_NAME)";
				SWIFT_EMIT_LOC_STRINGS = NO;
				SWIFT_VERSION = 5.0;
				TARGETED_DEVICE_FAMILY = "1,2";
				TEST_TARGET_NAME = "Easycom Japan PH";
			};
			name = Release;
		};
/* End XCBuildConfiguration section */

/* Begin XCConfigurationList section */
		FF09BF842975312E003FC3A7 /* Build configuration list for PBXProject "Easycom Japan PH" */ = {
			isa = XCConfigurationList;
			buildConfigurations = (
				FF09BFAB29753131003FC3A7 /* Debug */,
				FF09BFAC29753131003FC3A7 /* Release */,
			);
			defaultConfigurationIsVisible = 0;
			defaultConfigurationName = Release;
		};
		FF09BFAD29753131003FC3A7 /* Build configuration list for PBXNativeTarget "Easycom Japan PH" */ = {
			isa = XCConfigurationList;
			buildConfigurations = (
				FF09BFAE29753131003FC3A7 /* Debug */,
				FF09BFAF29753131003FC3A7 /* Release */,
			);
			defaultConfigurationIsVisible = 0;
			defaultConfigurationName = Release;
		};
		FF09BFB029753131003FC3A7 /* Build configuration list for PBXNativeTarget "Easycom Japan PHTests" */ = {
			isa = XCConfigurationList;
			buildConfigurations = (
				FF09BFB129753131003FC3A7 /* Debug */,
				FF09BFB229753131003FC3A7 /* Release */,
			);
			defaultConfigurationIsVisible = 0;
			defaultConfigurationName = Release;
		};
		FF09BFB329753131003FC3A7 /* Build configuration list for PBXNativeTarget "Easycom Japan PHUITests" */ = {
			isa = XCConfigurationList;
			buildConfigurations = (
				FF09BFB429753131003FC3A7 /* Debug */,
				FF09BFB529753131003FC3A7 /* Release */,
			);
			defaultConfigurationIsVisible = 0;
			defaultConfigurationName = Release;
		};
/* End XCConfigurationList section */
	};
	rootObject = FF09BF812975312E003FC3A7 /* Project object */;
}
